
Microsoft Visual Studio Solution File, Format Version 12.00
# Visual Studio 15
VisualStudioVersion = 15.0.27703.2000
MinimumVisualStudioVersion = 10.0.40219.1
Project("{FAE04EC0-301F-11D3-BF4B-00C04F79EFBC}") = "snakeForms", "snakeForms\snakeForms.csproj", "{C1B8D913-B1EB-4733-804B-254D1232846A}"
EndProject
Global
	GlobalSection(SolutionConfigurationPlatforms) = preSolution
		Debug|Any CPU = Debug|Any CPU
		Release|Any CPU = Release|Any CPU
	EndGlobalSection
	GlobalSection(ProjectConfigurationPlatforms) = postSolution
		{C1B8D913-B1EB-4733-804B-254D1232846A}.Debug|Any CPU.ActiveCfg = Debug|Any CPU
		{C1B8D913-B1EB-4733-804B-254D1232846A}.Debug|Any CPU.Build.0 = Debug|Any CPU
		{C1B8D913-B1EB-4733-804B-254D1232846A}.Release|Any CPU.ActiveCfg = Release|Any CPU
		{C1B8D913-B1EB-4733-804B-254D1232846A}.Release|Any CPU.Build.0 = Release|Any CPU
	EndGlobalSection
	GlobalSection(SolutionProperties) = preSolution
		HideSolutionNode = FALSE
	EndGlobalSection
	GlobalSection(ExtensibilityGlobals) = postSolution
		SolutionGuid = {960D7870-2170-450C-B5BA-A1DDC9950E62}
	EndGlobalSection
EndGlobal
